
Microsoft Visual Studio Solution File, Format Version 12.00
Project("{FAE04EC0-301F-11D3-BF4B-00C04F79EFBC}") = "Gik299_Lab1_Grupp_75", "Gik299_Lab1_Grupp_75\Gik299_Lab1_Grupp_75.csproj", "{DC9A0924-18EA-458F-A41B-40601A0C679A}"
EndProject
Global
	GlobalSection(SolutionConfigurationPlatforms) = preSolution
		Debug|Any CPU = Debug|Any CPU
		Release|Any CPU = Release|Any CPU
	EndGlobalSection
	GlobalSection(ProjectConfigurationPlatforms) = postSolution
		{DC9A0924-18EA-458F-A41B-40601A0C679A}.Debug|Any CPU.ActiveCfg = Debug|Any CPU
		{DC9A0924-18EA-458F-A41B-40601A0C679A}.Debug|Any CPU.Build.0 = Debug|Any CPU
		{DC9A0924-18EA-458F-A41B-40601A0C679A}.Release|Any CPU.ActiveCfg = Release|Any CPU
		{DC9A0924-18EA-458F-A41B-40601A0C679A}.Release|Any CPU.Build.0 = Release|Any CPU
	EndGlobalSection
EndGlobal
